
Microsoft Visual Studio Solution File, Format Version 12.00
# Visual Studio Version 16
VisualStudioVersion = 16.0.30011.22
MinimumVisualStudioVersion = 10.0.40219.1
Project("{2150E333-8FDC-42A3-9474-1A3956D46DE8}") = "Libs", "Libs", "{A4A78440-C187-4D92-AA0A-1BFE6627389D}"
EndProject
Project("{2150E333-8FDC-42A3-9474-1A3956D46DE8}") = "Glide", "Glide", "{B9038369-059E-4DFD-9E6C-EF07DE462FE4}"
EndProject
Project("{FAE04EC0-301F-11D3-BF4B-00C04F79EFBC}") = "GamePad", "GamePad\GamePad.csproj", "{0DFEA1DD-ED52-4877-B6A5-049A90D8F031}"
EndProject
Project("{FAE04EC0-301F-11D3-BF4B-00C04F79EFBC}") = "System.XML", "System.XML\System.XML.csproj", "{CBF98196-A6F7-40B8-8D09-73E9B7BE37EB}"
EndProject
Project("{FAE04EC0-301F-11D3-BF4B-00C04F79EFBC}") = "TinyCLR2.Glide", "TinyCLR2.Glide\TinyCLR2.Glide.csproj", "{62D71BE0-FC53-4A29-9B59-9AFC4BBDCE28}"
EndProject
Project("{FAE04EC0-301F-11D3-BF4B-00C04F79EFBC}") = "TestDisplay", "TestDisplay\TestDisplay.csproj", "{DF40B06F-32AF-4180-A247-D9D86D87552F}"
EndProject
Project("{FAE04EC0-301F-11D3-BF4B-00C04F79EFBC}") = "mscorlib", "..\TinyCLR-Libraries\mscorlib\mscorlib.csproj", "{AA751E21-9220-42CE-8180-516BB59E4555}"
EndProject
Project("{FAE04EC0-301F-11D3-BF4B-00C04F79EFBC}") = "GHIElectronics.TinyCLR.Native", "..\TinyCLR-Libraries\GHIElectronics.TinyCLR.Native\GHIElectronics.TinyCLR.Native.csproj", "{B602474A-AEB0-491C-832B-7EAF0B4511C0}"
EndProject
Project("{FAE04EC0-301F-11D3-BF4B-00C04F79EFBC}") = "GHIElectronics.TinyCLR.Devices.Display", "..\TinyCLR-Libraries\GHIElectronics.TinyCLR.Devices.Display\GHIElectronics.TinyCLR.Devices.Display.csproj", "{2E1DCA92-5601-4038-A1F0-01A604FB0B65}"
EndProject
Project("{FAE04EC0-301F-11D3-BF4B-00C04F79EFBC}") = "GHIElectronics.TinyCLR.Drawing", "..\TinyCLR-Libraries\GHIElectronics.TinyCLR.Drawing\GHIElectronics.TinyCLR.Drawing.csproj", "{52A54E94-2FD8-4EEE-822C-C8C7F27AF423}"
EndProject
Project("{FAE04EC0-301F-11D3-BF4B-00C04F79EFBC}") = "TinyCLR2.ShellOS", "TinyCLR2.ShellOS\TinyCLR2.ShellOS.csproj", "{5FAB3445-E38A-4504-ABEC-0DFC541610FF}"
EndProject
Project("{FAE04EC0-301F-11D3-BF4B-00C04F79EFBC}") = "RegularExpressions", "RegularExpressions\RegularExpressions.csproj", "{A96A6118-3F57-4326-88E9-10D406FF13A5}"
EndProject
Global
	GlobalSection(SolutionConfigurationPlatforms) = preSolution
		Debug|Any CPU = Debug|Any CPU
		Release|Any CPU = Release|Any CPU
	EndGlobalSection
	GlobalSection(ProjectConfigurationPlatforms) = postSolution
		{0DFEA1DD-ED52-4877-B6A5-049A90D8F031}.Debug|Any CPU.ActiveCfg = Debug|Any CPU
		{0DFEA1DD-ED52-4877-B6A5-049A90D8F031}.Debug|Any CPU.Build.0 = Debug|Any CPU
		{0DFEA1DD-ED52-4877-B6A5-049A90D8F031}.Debug|Any CPU.Deploy.0 = Debug|Any CPU
		{0DFEA1DD-ED52-4877-B6A5-049A90D8F031}.Release|Any CPU.ActiveCfg = Release|Any CPU
		{0DFEA1DD-ED52-4877-B6A5-049A90D8F031}.Release|Any CPU.Build.0 = Release|Any CPU
		{0DFEA1DD-ED52-4877-B6A5-049A90D8F031}.Release|Any CPU.Deploy.0 = Release|Any CPU
		{CBF98196-A6F7-40B8-8D09-73E9B7BE37EB}.Debug|Any CPU.ActiveCfg = Debug|Any CPU
		{CBF98196-A6F7-40B8-8D09-73E9B7BE37EB}.Debug|Any CPU.Build.0 = Debug|Any CPU
		{CBF98196-A6F7-40B8-8D09-73E9B7BE37EB}.Release|Any CPU.ActiveCfg = Release|Any CPU
		{CBF98196-A6F7-40B8-8D09-73E9B7BE37EB}.Release|Any CPU.Build.0 = Release|Any CPU
		{62D71BE0-FC53-4A29-9B59-9AFC4BBDCE28}.Debug|Any CPU.ActiveCfg = Debug|Any CPU
		{62D71BE0-FC53-4A29-9B59-9AFC4BBDCE28}.Debug|Any CPU.Build.0 = Debug|Any CPU
		{62D71BE0-FC53-4A29-9B59-9AFC4BBDCE28}.Release|Any CPU.ActiveCfg = Release|Any CPU
		{62D71BE0-FC53-4A29-9B59-9AFC4BBDCE28}.Release|Any CPU.Build.0 = Release|Any CPU
		{DF40B06F-32AF-4180-A247-D9D86D87552F}.Debug|Any CPU.ActiveCfg = Debug|Any CPU
		{DF40B06F-32AF-4180-A247-D9D86D87552F}.Debug|Any CPU.Build.0 = Debug|Any CPU
		{DF40B06F-32AF-4180-A247-D9D86D87552F}.Debug|Any CPU.Deploy.0 = Debug|Any CPU
		{DF40B06F-32AF-4180-A247-D9D86D87552F}.Release|Any CPU.ActiveCfg = Release|Any CPU
		{DF40B06F-32AF-4180-A247-D9D86D87552F}.Release|Any CPU.Build.0 = Release|Any CPU
		{DF40B06F-32AF-4180-A247-D9D86D87552F}.Release|Any CPU.Deploy.0 = Release|Any CPU
		{AA751E21-9220-42CE-8180-516BB59E4555}.Debug|Any CPU.ActiveCfg = Debug|Any CPU
		{AA751E21-9220-42CE-8180-516BB59E4555}.Debug|Any CPU.Build.0 = Debug|Any CPU
		{AA751E21-9220-42CE-8180-516BB59E4555}.Release|Any CPU.ActiveCfg = Release|Any CPU
		{AA751E21-9220-42CE-8180-516BB59E4555}.Release|Any CPU.Build.0 = Release|Any CPU
		{B602474A-AEB0-491C-832B-7EAF0B4511C0}.Debug|Any CPU.ActiveCfg = Debug|Any CPU
		{B602474A-AEB0-491C-832B-7EAF0B4511C0}.Debug|Any CPU.Build.0 = Debug|Any CPU
		{B602474A-AEB0-491C-832B-7EAF0B4511C0}.Release|Any CPU.ActiveCfg = Release|Any CPU
		{B602474A-AEB0-491C-832B-7EAF0B4511C0}.Release|Any CPU.Build.0 = Release|Any CPU
		{2E1DCA92-5601-4038-A1F0-01A604FB0B65}.Debug|Any CPU.ActiveCfg = Debug|Any CPU
		{2E1DCA92-5601-4038-A1F0-01A604FB0B65}.Debug|Any CPU.Build.0 = Debug|Any CPU
		{2E1DCA92-5601-4038-A1F0-01A604FB0B65}.Release|Any CPU.ActiveCfg = Release|Any CPU
		{2E1DCA92-5601-4038-A1F0-01A604FB0B65}.Release|Any CPU.Build.0 = Release|Any CPU
		{52A54E94-2FD8-4EEE-822C-C8C7F27AF423}.Debug|Any CPU.ActiveCfg = Debug|Any CPU
		{52A54E94-2FD8-4EEE-822C-C8C7F27AF423}.Debug|Any CPU.Build.0 = Debug|Any CPU
		{52A54E94-2FD8-4EEE-822C-C8C7F27AF423}.Release|Any CPU.ActiveCfg = Release|Any CPU
		{52A54E94-2FD8-4EEE-822C-C8C7F27AF423}.Release|Any CPU.Build.0 = Release|Any CPU
		{5FAB3445-E38A-4504-ABEC-0DFC541610FF}.Debug|Any CPU.ActiveCfg = Debug|Any CPU
		{5FAB3445-E38A-4504-ABEC-0DFC541610FF}.Debug|Any CPU.Build.0 = Debug|Any CPU
		{5FAB3445-E38A-4504-ABEC-0DFC541610FF}.Debug|Any CPU.Deploy.0 = Debug|Any CPU
		{5FAB3445-E38A-4504-ABEC-0DFC541610FF}.Release|Any CPU.ActiveCfg = Release|Any CPU
		{5FAB3445-E38A-4504-ABEC-0DFC541610FF}.Release|Any CPU.Build.0 = Release|Any CPU
		{5FAB3445-E38A-4504-ABEC-0DFC541610FF}.Release|Any CPU.Deploy.0 = Release|Any CPU
		{A96A6118-3F57-4326-88E9-10D406FF13A5}.Debug|Any CPU.ActiveCfg = Debug|Any CPU
		{A96A6118-3F57-4326-88E9-10D406FF13A5}.Debug|Any CPU.Build.0 = Debug|Any CPU
		{A96A6118-3F57-4326-88E9-10D406FF13A5}.Release|Any CPU.ActiveCfg = Release|Any CPU
		{A96A6118-3F57-4326-88E9-10D406FF13A5}.Release|Any CPU.Build.0 = Release|Any CPU
	EndGlobalSection
	GlobalSection(SolutionProperties) = preSolution
		HideSolutionNode = FALSE
	EndGlobalSection
	GlobalSection(NestedProjects) = preSolution
		{0DFEA1DD-ED52-4877-B6A5-049A90D8F031} = {B9038369-059E-4DFD-9E6C-EF07DE462FE4}
		{CBF98196-A6F7-40B8-8D09-73E9B7BE37EB} = {B9038369-059E-4DFD-9E6C-EF07DE462FE4}
		{62D71BE0-FC53-4A29-9B59-9AFC4BBDCE28} = {B9038369-059E-4DFD-9E6C-EF07DE462FE4}
		{DF40B06F-32AF-4180-A247-D9D86D87552F} = {B9038369-059E-4DFD-9E6C-EF07DE462FE4}
		{AA751E21-9220-42CE-8180-516BB59E4555} = {A4A78440-C187-4D92-AA0A-1BFE6627389D}
		{B602474A-AEB0-491C-832B-7EAF0B4511C0} = {A4A78440-C187-4D92-AA0A-1BFE6627389D}
		{2E1DCA92-5601-4038-A1F0-01A604FB0B65} = {A4A78440-C187-4D92-AA0A-1BFE6627389D}
		{52A54E94-2FD8-4EEE-822C-C8C7F27AF423} = {A4A78440-C187-4D92-AA0A-1BFE6627389D}
		{5FAB3445-E38A-4504-ABEC-0DFC541610FF} = {B9038369-059E-4DFD-9E6C-EF07DE462FE4}
		{A96A6118-3F57-4326-88E9-10D406FF13A5} = {B9038369-059E-4DFD-9E6C-EF07DE462FE4}
	EndGlobalSection
	GlobalSection(ExtensibilityGlobals) = postSolution
		SolutionGuid = {1018EB13-C2EC-4D93-A0FE-9B93C3EB0D0D}
	EndGlobalSection
EndGlobal
